// !$*UTF8*$!
{
	archiveVersion = 1;
	classes = {
	};
	objectVersion = 46;
	objects = {

/* Begin PBXBuildFile section */
		2C16D90017F9DC930084AD85 /* Foundation.framework in Frameworks */ = {isa = PBXBuildFile; fileRef = 2C16D8FF17F9DC930084AD85 /* Foundation.framework */; };
		2C16D90217F9DC930084AD85 /* CoreGraphics.framework in Frameworks */ = {isa = PBXBuildFile; fileRef = 2C16D90117F9DC930084AD85 /* CoreGraphics.framework */; };
		2C16D90417F9DC930084AD85 /* UIKit.framework in Frameworks */ = {isa = PBXBuildFile; fileRef = 2C16D90317F9DC930084AD85 /* UIKit.framework */; };
		2C16D90A17F9DC930084AD85 /* InfoPlist.strings in Resources */ = {isa = PBXBuildFile; fileRef = 2C16D90817F9DC930084AD85 /* InfoPlist.strings */; };
		2C16D90C17F9DC930084AD85 /* main.m in Sources */ = {isa = PBXBuildFile; fileRef = 2C16D90B17F9DC930084AD85 /* main.m */; };
		2C16D91017F9DC930084AD85 /* SHPAppDelegate.m in Sources */ = {isa = PBXBuildFile; fileRef = 2C16D90F17F9DC930084AD85 /* SHPAppDelegate.m */; };
		2C16D91217F9DC930084AD85 /* Images.xcassets in Resources */ = {isa = PBXBuildFile; fileRef = 2C16D91117F9DC930084AD85 /* Images.xcassets */; };
		2C16D91917F9DC930084AD85 /* XCTest.framework in Frameworks */ = {isa = PBXBuildFile; fileRef = 2C16D91817F9DC930084AD85 /* XCTest.framework */; };
		2C16D91A17F9DC930084AD85 /* Foundation.framework in Frameworks */ = {isa = PBXBuildFile; fileRef = 2C16D8FF17F9DC930084AD85 /* Foundation.framework */; };
		2C16D91B17F9DC930084AD85 /* UIKit.framework in Frameworks */ = {isa = PBXBuildFile; fileRef = 2C16D90317F9DC930084AD85 /* UIKit.framework */; };
		2C16D92317F9DC930084AD85 /* InfoPlist.strings in Resources */ = {isa = PBXBuildFile; fileRef = 2C16D92117F9DC930084AD85 /* InfoPlist.strings */; };
		2C16D92517F9DC930084AD85 /* LOLCalesTests.m in Sources */ = {isa = PBXBuildFile; fileRef = 2C16D92417F9DC930084AD85 /* LOLCalesTests.m */; };
/* End PBXBuildFile section */

/* Begin PBXContainerItemProxy section */
		2C16D91C17F9DC930084AD85 /* PBXContainerItemProxy */ = {
			isa = PBXContainerItemProxy;
			containerPortal = 2C16D8F417F9DC930084AD85 /* Project object */;
			proxyType = 1;
			remoteGlobalIDString = 2C16D8FB17F9DC930084AD85;
			remoteInfo = LOLCales;
		};
/* End PBXContainerItemProxy section */

/* Begin PBXFileReference section */
		2C16D8FC17F9DC930084AD85 /* LOLCales.app */ = {isa = PBXFileReference; explicitFileType = wrapper.application; includeInIndex = 0; path = LOLCales.app; sourceTree = BUILT_PRODUCTS_DIR; };
		2C16D8FF17F9DC930084AD85 /* Foundation.framework */ = {isa = PBXFileReference; lastKnownFileType = wrapper.framework; name = Foundation.framework; path = System/Library/Frameworks/Foundation.framework; sourceTree = SDKROOT; };
		2C16D90117F9DC930084AD85 /* CoreGraphics.framework */ = {isa = PBXFileReference; lastKnownFileType = wrapper.framework; name = CoreGraphics.framework; path = System/Library/Frameworks/CoreGraphics.framework; sourceTree = SDKROOT; };
		2C16D90317F9DC930084AD85 /* UIKit.framework */ = {isa = PBXFileReference; lastKnownFileType = wrapper.framework; name = UIKit.framework; path = System/Library/Frameworks/UIKit.framework; sourceTree = SDKROOT; };
		2C16D90717F9DC930084AD85 /* LOLCales-Info.plist */ = {isa = PBXFileReference; lastKnownFileType = text.plist.xml; path = "LOLCales-Info.plist"; sourceTree = "<group>"; };
		2C16D90917F9DC930084AD85 /* en */ = {isa = PBXFileReference; lastKnownFileType = text.plist.strings; name = en; path = en.lproj/InfoPlist.strings; sourceTree = "<group>"; };
		2C16D90B17F9DC930084AD85 /* main.m */ = {isa = PBXFileReference; lastKnownFileType = sourcecode.c.objc; path = main.m; sourceTree = "<group>"; };
		2C16D90D17F9DC930084AD85 /* LOLCales-Prefix.pch */ = {isa = PBXFileReference; lastKnownFileType = sourcecode.c.h; path = "LOLCales-Prefix.pch"; sourceTree = "<group>"; };
		2C16D90E17F9DC930084AD85 /* SHPAppDelegate.h */ = {isa = PBXFileReference; lastKnownFileType = sourcecode.c.h; path = SHPAppDelegate.h; sourceTree = "<group>"; };
		2C16D90F17F9DC930084AD85 /* SHPAppDelegate.m */ = {isa = PBXFileReference; lastKnownFileType = sourcecode.c.objc; path = SHPAppDelegate.m; sourceTree = "<group>"; };
		2C16D91117F9DC930084AD85 /* Images.xcassets */ = {isa = PBXFileReference; lastKnownFileType = folder.assetcatalog; path = Images.xcassets; sourceTree = "<group>"; };
		2C16D91717F9DC930084AD85 /* LOLCalesTests.xctest */ = {isa = PBXFileReference; explicitFileType = wrapper.cfbundle; includeInIndex = 0; path = LOLCalesTests.xctest; sourceTree = BUILT_PRODUCTS_DIR; };
		2C16D91817F9DC930084AD85 /* XCTest.framework */ = {isa = PBXFileReference; lastKnownFileType = wrapper.framework; name = XCTest.framework; path = Library/Frameworks/XCTest.framework; sourceTree = DEVELOPER_DIR; };
		2C16D92017F9DC930084AD85 /* LOLCalesTests-Info.plist */ = {isa = PBXFileReference; lastKnownFileType = text.plist.xml; path = "LOLCalesTests-Info.plist"; sourceTree = "<group>"; };
		2C16D92217F9DC930084AD85 /* en */ = {isa = PBXFileReference; lastKnownFileType = text.plist.strings; name = en; path = en.lproj/InfoPlist.strings; sourceTree = "<group>"; };
		2C16D92417F9DC930084AD85 /* LOLCalesTests.m */ = {isa = PBXFileReference; lastKnownFileType = sourcecode.c.objc; path = LOLCalesTests.m; sourceTree = "<group>"; };
/* End PBXFileReference section */

/* Begin PBXFrameworksBuildPhase section */
		2C16D8F917F9DC930084AD85 /* Frameworks */ = {
			isa = PBXFrameworksBuildPhase;
			buildActionMask = 2147483647;
			files = (
				2C16D90217F9DC930084AD85 /* CoreGraphics.framework in Frameworks */,
				2C16D90417F9DC930084AD85 /* UIKit.framework in Frameworks */,
				2C16D90017F9DC930084AD85 /* Foundation.framework in Frameworks */,
			);
			runOnlyForDeploymentPostprocessing = 0;
		};
		2C16D91417F9DC930084AD85 /* Frameworks */ = {
			isa = PBXFrameworksBuildPhase;
			buildActionMask = 2147483647;
			files = (
				2C16D91917F9DC930084AD85 /* XCTest.framework in Frameworks */,
				2C16D91B17F9DC930084AD85 /* UIKit.framework in Frameworks */,
				2C16D91A17F9DC930084AD85 /* Foundation.framework in Frameworks */,
			);
			runOnlyForDeploymentPostprocessing = 0;
		};
/* End PBXFrameworksBuildPhase section */

/* Begin PBXGroup section */
		2C16D8F317F9DC930084AD85 = {
			isa = PBXGroup;
			children = (
				2C16D90517F9DC930084AD85 /* LOLCales */,
				2C16D91E17F9DC930084AD85 /* LOLCalesTests */,
				2C16D8FE17F9DC930084AD85 /* Frameworks */,
				2C16D8FD17F9DC930084AD85 /* Products */,
			);
			sourceTree = "<group>";
		};
		2C16D8FD17F9DC930084AD85 /* Products */ = {
			isa = PBXGroup;
			children = (
				2C16D8FC17F9DC930084AD85 /* LOLCales.app */,
				2C16D91717F9DC930084AD85 /* LOLCalesTests.xctest */,
			);
			name = Products;
			sourceTree = "<group>";
		};
		2C16D8FE17F9DC930084AD85 /* Frameworks */ = {
			isa = PBXGroup;
			children = (
				2C16D8FF17F9DC930084AD85 /* Foundation.framework */,
				2C16D90117F9DC930084AD85 /* CoreGraphics.framework */,
				2C16D90317F9DC930084AD85 /* UIKit.framework */,
				2C16D91817F9DC930084AD85 /* XCTest.framework */,
			);
			name = Frameworks;
			sourceTree = "<group>";
		};
		2C16D90517F9DC930084AD85 /* LOLCales */ = {
			isa = PBXGroup;
			children = (
				2C16D90E17F9DC930084AD85 /* SHPAppDelegate.h */,
				2C16D90F17F9DC930084AD85 /* SHPAppDelegate.m */,
				2C16D91117F9DC930084AD85 /* Images.xcassets */,
				2C16D90617F9DC930084AD85 /* Supporting Files */,
			);
			path = LOLCales;
			sourceTree = "<group>";
		};
		2C16D90617F9DC930084AD85 /* Supporting Files */ = {
			isa = PBXGroup;
			children = (
				2C16D90717F9DC930084AD85 /* LOLCales-Info.plist */,
				2C16D90817F9DC930084AD85 /* InfoPlist.strings */,
				2C16D90B17F9DC930084AD85 /* main.m */,
				2C16D90D17F9DC930084AD85 /* LOLCales-Prefix.pch */,
			);
			name = "Supporting Files";
			sourceTree = "<group>";
		};
		2C16D91E17F9DC930084AD85 /* LOLCalesTests */ = {
			isa = PBXGroup;
			children = (
				2C16D92417F9DC930084AD85 /* LOLCalesTests.m */,
				2C16D91F17F9DC930084AD85 /* Supporting Files */,
			);
			path = LOLCalesTests;
			sourceTree = "<group>";
		};
		2C16D91F17F9DC930084AD85 /* Supporting Files */ = {
			isa = PBXGroup;
			children = (
				2C16D92017F9DC930084AD85 /* LOLCalesTests-Info.plist */,
				2C16D92117F9DC930084AD85 /* InfoPlist.strings */,
			);
			name = "Supporting Files";
			sourceTree = "<group>";
		};
/* End PBXGroup section */

/* Begin PBXNativeTarget section */
		2C16D8FB17F9DC930084AD85 /* LOLCales */ = {
			isa = PBXNativeTarget;
			buildConfigurationList = 2C16D92817F9DC930084AD85 /* Build configuration list for PBXNativeTarget "LOLCales" */;
			buildPhases = (
				2C16D8F817F9DC930084AD85 /* Sources */,
				2C16D8F917F9DC930084AD85 /* Frameworks */,
				2C16D8FA17F9DC930084AD85 /* Resources */,
			);
			buildRules = (
			);
			dependencies = (
			);
			name = LOLCales;
			productName = LOLCales;
			productReference = 2C16D8FC17F9DC930084AD85 /* LOLCales.app */;
			productType = "com.apple.product-type.application";
		};
		2C16D91617F9DC930084AD85 /* LOLCalesTests */ = {
			isa = PBXNativeTarget;
			buildConfigurationList = 2C16D92B17F9DC930084AD85 /* Build configuration list for PBXNativeTarget "LOLCalesTests" */;
			buildPhases = (
				2C16D91317F9DC930084AD85 /* Sources */,
				2C16D91417F9DC930084AD85 /* Frameworks */,
				2C16D91517F9DC930084AD85 /* Resources */,
			);
			buildRules = (
			);
			dependencies = (
				2C16D91D17F9DC930084AD85 /* PBXTargetDependency */,
			);
			name = LOLCalesTests;
			productName = LOLCalesTests;
			productReference = 2C16D91717F9DC930084AD85 /* LOLCalesTests.xctest */;
			productType = "com.apple.product-type.bundle.unit-test";
		};
/* End PBXNativeTarget section */

/* Begin PBXProject section */
		2C16D8F417F9DC930084AD85 /* Project object */ = {
			isa = PBXProject;
			attributes = {
				CLASSPREFIX = SHP;
				LastUpgradeCheck = 0500;
				ORGANIZATIONNAME = Jadedpixel;
				TargetAttributes = {
					2C16D91617F9DC930084AD85 = {
						TestTargetID = 2C16D8FB17F9DC930084AD85;
					};
				};
			};
			buildConfigurationList = 2C16D8F717F9DC930084AD85 /* Build configuration list for PBXProject "LOLCales" */;
			compatibilityVersion = "Xcode 3.2";
			developmentRegion = English;
			hasScannedForEncodings = 0;
			knownRegions = (
				en,
			);
			mainGroup = 2C16D8F317F9DC930084AD85;
			productRefGroup = 2C16D8FD17F9DC930084AD85 /* Products */;
			projectDirPath = "";
			projectRoot = "";
			targets = (
				2C16D8FB17F9DC930084AD85 /* LOLCales */,
				2C16D91617F9DC930084AD85 /* LOLCalesTests */,
			);
		};
/* End PBXProject section */

/* Begin PBXResourcesBuildPhase section */
		2C16D8FA17F9DC930084AD85 /* Resources */ = {
			isa = PBXResourcesBuildPhase;
			buildActionMask = 2147483647;
			files = (
				2C16D90A17F9DC930084AD85 /* InfoPlist.strings in Resources */,
				2C16D91217F9DC930084AD85 /* Images.xcassets in Resources */,
			);
			runOnlyForDeploymentPostprocessing = 0;
		};
		2C16D91517F9DC930084AD85 /* Resources */ = {
			isa = PBXResourcesBuildPhase;
			buildActionMask = 2147483647;
			files = (
				2C16D92317F9DC930084AD85 /* InfoPlist.strings in Resources */,
			);
			runOnlyForDeploymentPostprocessing = 0;
		};
/* End PBXResourcesBuildPhase section */

/* Begin PBXSourcesBuildPhase section */
		2C16D8F817F9DC930084AD85 /* Sources */ = {
			isa = PBXSourcesBuildPhase;
			buildActionMask = 2147483647;
			files = (
				2C16D91017F9DC930084AD85 /* SHPAppDelegate.m in Sources */,
				2C16D90C17F9DC930084AD85 /* main.m in Sources */,
			);
			runOnlyForDeploymentPostprocessing = 0;
		};
		2C16D91317F9DC930084AD85 /* Sources */ = {
			isa = PBXSourcesBuildPhase;
			buildActionMask = 2147483647;
			files = (
				2C16D92517F9DC930084AD85 /* LOLCalesTests.m in Sources */,
			);
			runOnlyForDeploymentPostprocessing = 0;
		};
/* End PBXSourcesBuildPhase section */

/* Begin PBXTargetDependency section */
		2C16D91D17F9DC930084AD85 /* PBXTargetDependency */ = {
			isa = PBXTargetDependency;
			target = 2C16D8FB17F9DC930084AD85 /* LOLCales */;
			targetProxy = 2C16D91C17F9DC930084AD85 /* PBXContainerItemProxy */;
		};
/* End PBXTargetDependency section */

/* Begin PBXVariantGroup section */
		2C16D90817F9DC930084AD85 /* InfoPlist.strings */ = {
			isa = PBXVariantGroup;
			children = (
				2C16D90917F9DC930084AD85 /* en */,
			);
			name = InfoPlist.strings;
			sourceTree = "<group>";
		};
		2C16D92117F9DC930084AD85 /* InfoPlist.strings */ = {
			isa = PBXVariantGroup;
			children = (
				2C16D92217F9DC930084AD85 /* en */,
			);
			name = InfoPlist.strings;
			sourceTree = "<group>";
		};
/* End PBXVariantGroup section */

/* Begin XCBuildConfiguration section */
		2C16D92617F9DC930084AD85 /* Debug */ = {
			isa = XCBuildConfiguration;
			buildSettings = {
				ALWAYS_SEARCH_USER_PATHS = NO;
				ARCHS = "$(ARCHS_STANDARD_INCLUDING_64_BIT)";
				CLANG_CXX_LANGUAGE_STANDARD = "gnu++0x";
				CLANG_CXX_LIBRARY = "libc++";
				CLANG_ENABLE_MODULES = YES;
				CLANG_ENABLE_OBJC_ARC = YES;
				CLANG_WARN_BOOL_CONVERSION = YES;
				CLANG_WARN_CONSTANT_CONVERSION = YES;
				CLANG_WARN_DIRECT_OBJC_ISA_USAGE = YES_ERROR;
				CLANG_WARN_EMPTY_BODY = YES;
				CLANG_WARN_ENUM_CONVERSION = YES;
				CLANG_WARN_INT_CONVERSION = YES;
				CLANG_WARN_OBJC_ROOT_CLASS = YES_ERROR;
				CLANG_WARN__DUPLICATE_METHOD_MATCH = YES;
				"CODE_SIGN_IDENTITY[sdk=iphoneos*]" = "iPhone Developer";
				COPY_PHASE_STRIP = NO;
				GCC_C_LANGUAGE_STANDARD = gnu99;
				GCC_DYNAMIC_NO_PIC = NO;
				GCC_OPTIMIZATION_LEVEL = 0;
				GCC_PREPROCESSOR_DEFINITIONS = (
					"DEBUG=1",
					"$(inherited)",
				);
				GCC_SYMBOLS_PRIVATE_EXTERN = NO;
				GCC_WARN_64_TO_32_BIT_CONVERSION = YES;
				GCC_WARN_ABOUT_RETURN_TYPE = YES_ERROR;
				GCC_WARN_UNDECLARED_SELECTOR = YES;
				GCC_WARN_UNINITIALIZED_AUTOS = YES;
				GCC_WARN_UNUSED_FUNCTION = YES;
				GCC_WARN_UNUSED_VARIABLE = YES;
				IPHONEOS_DEPLOYMENT_TARGET = 7.0;
				ONLY_ACTIVE_ARCH = YES;
				SDKROOT = iphoneos;
			};
			name = Debug;
		};
		2C16D92717F9DC930084AD85 /* Release */ = {
			isa = XCBuildConfiguration;
			buildSettings = {
				ALWAYS_SEARCH_USER_PATHS = NO;
				ARCHS = "$(ARCHS_STANDARD_INCLUDING_64_BIT)";
				CLANG_CXX_LANGUAGE_STANDARD = "gnu++0x";
				CLANG_CXX_LIBRARY = "libc++";
				CLANG_ENABLE_MODULES = YES;
				CLANG_ENABLE_OBJC_ARC = YES;
				CLANG_WARN_BOOL_CONVERSION = YES;
				CLANG_WARN_CONSTANT_CONVERSION = YES;
				CLANG_WARN_DIRECT_OBJC_ISA_USAGE = YES_ERROR;
				CLANG_WARN_EMPTY_BODY = YES;
				CLANG_WARN_ENUM_CONVERSION = YES;
				CLANG_WARN_INT_CONVERSION = YES;
				CLANG_WARN_OBJC_ROOT_CLASS = YES_ERROR;
				CLANG_WARN__DUPLICATE_METHOD_MATCH = YES;
				"CODE_SIGN_IDENTITY[sdk=iphoneos*]" = "iPhone Developer";
				COPY_PHASE_STRIP = YES;
				ENABLE_NS_ASSERTIONS = NO;
				GCC_C_LANGUAGE_STANDARD = gnu99;
				GCC_WARN_64_TO_32_BIT_CONVERSION = YES;
				GCC_WARN_ABOUT_RETURN_TYPE = YES_ERROR;
				GCC_WARN_UNDECLARED_SELECTOR = YES;
				GCC_WARN_UNINITIALIZED_AUTOS = YES;
				GCC_WARN_UNUSED_FUNCTION = YES;
				GCC_WARN_UNUSED_VARIABLE = YES;
				IPHONEOS_DEPLOYMENT_TARGET = 7.0;
				SDKROOT = iphoneos;
				VALIDATE_PRODUCT = YES;
			};
			name = Release;
		};
		2C16D92917F9DC930084AD85 /* Debug */ = {
			isa = XCBuildConfiguration;
			buildSettings = {
				ASSETCATALOG_COMPILER_APPICON_NAME = AppIcon;
				ASSETCATALOG_COMPILER_LAUNCHIMAGE_NAME = LaunchImage;
				GCC_PRECOMPILE_PREFIX_HEADER = YES;
				GCC_PREFIX_HEADER = "LOLCales/LOLCales-Prefix.pch";
				INFOPLIST_FILE = "LOLCales/LOLCales-Info.plist";
				PRODUCT_NAME = "$(TARGET_NAME)";
				WRAPPER_EXTENSION = app;
			};
			name = Debug;
		};
		2C16D92A17F9DC930084AD85 /* Release */ = {
			isa = XCBuildConfiguration;
			buildSettings = {
				ASSETCATALOG_COMPILER_APPICON_NAME = AppIcon;
				ASSETCATALOG_COMPILER_LAUNCHIMAGE_NAME = LaunchImage;
				GCC_PRECOMPILE_PREFIX_HEADER = YES;
				GCC_PREFIX_HEADER = "LOLCales/LOLCales-Prefix.pch";
				INFOPLIST_FILE = "LOLCales/LOLCales-Info.plist";
				PRODUCT_NAME = "$(TARGET_NAME)";
				WRAPPER_EXTENSION = app;
			};
			name = Release;
		};
		2C16D92C17F9DC930084AD85 /* Debug */ = {
			isa = XCBuildConfiguration;
			buildSettings = {
				ARCHS = "$(ARCHS_STANDARD_INCLUDING_64_BIT)";
				BUNDLE_LOADER = "$(BUILT_PRODUCTS_DIR)/LOLCales.app/LOLCales";
				FRAMEWORK_SEARCH_PATHS = (
					"$(SDKROOT)/Developer/Library/Frameworks",
					"$(inherited)",
					"$(DEVELOPER_FRAMEWORKS_DIR)",
				);
				GCC_PRECOMPILE_PREFIX_HEADER = YES;
				GCC_PREFIX_HEADER = "LOLCales/LOLCales-Prefix.pch";
				GCC_PREPROCESSOR_DEFINITIONS = (
					"DEBUG=1",
					"$(inherited)",
				);
				INFOPLIST_FILE = "LOLCalesTests/LOLCalesTests-Info.plist";
				PRODUCT_NAME = "$(TARGET_NAME)";
				TEST_HOST = "$(BUNDLE_LOADER)";
				WRAPPER_EXTENSION = xctest;
			};
			name = Debug;
		};
		2C16D92D17F9DC930084AD85 /* Release */ = {
			isa = XCBuildConfiguration;
			buildSettings = {
				ARCHS = "$(ARCHS_STANDARD_INCLUDING_64_BIT)";
				BUNDLE_LOADER = "$(BUILT_PRODUCTS_DIR)/LOLCales.app/LOLCales";
				FRAMEWORK_SEARCH_PATHS = (
					"$(SDKROOT)/Developer/Library/Frameworks",
					"$(inherited)",
					"$(DEVELOPER_FRAMEWORKS_DIR)",
				);
				GCC_PRECOMPILE_PREFIX_HEADER = YES;
				GCC_PREFIX_HEADER = "LOLCales/LOLCales-Prefix.pch";
				INFOPLIST_FILE = "LOLCalesTests/LOLCalesTests-Info.plist";
				PRODUCT_NAME = "$(TARGET_NAME)";
				TEST_HOST = "$(BUNDLE_LOADER)";
				WRAPPER_EXTENSION = xctest;
			};
			name = Release;
		};
/* End XCBuildConfiguration section */

/* Begin XCConfigurationList section */
		2C16D8F717F9DC930084AD85 /* Build configuration list for PBXProject "LOLCales" */ = {
			isa = XCConfigurationList;
			buildConfigurations = (
				2C16D92617F9DC930084AD85 /* Debug */,
				2C16D92717F9DC930084AD85 /* Release */,
			);
			defaultConfigurationIsVisible = 0;
			defaultConfigurationName = Release;
		};
		2C16D92817F9DC930084AD85 /* Build configuration list for PBXNativeTarget "LOLCales" */ = {
			isa = XCConfigurationList;
			buildConfigurations = (
				2C16D92917F9DC930084AD85 /* Debug */,
				2C16D92A17F9DC930084AD85 /* Release */,
			);
			defaultConfigurationIsVisible = 0;
		};
		2C16D92B17F9DC930084AD85 /* Build configuration list for PBXNativeTarget "LOLCalesTests" */ = {
			isa = XCConfigurationList;
			buildConfigurations = (
				2C16D92C17F9DC930084AD85 /* Debug */,
				2C16D92D17F9DC930084AD85 /* Release */,
			);
			defaultConfigurationIsVisible = 0;
		};
/* End XCConfigurationList section */
	};
	rootObject = 2C16D8F417F9DC930084AD85 /* Project object */;
}
